
Microsoft Visual Studio Solution File, Format Version 12.00
# Visual Studio 14
VisualStudioVersion = 14.0.25420.1
MinimumVisualStudioVersion = 10.0.40219.1
Project("{FAE04EC0-301F-11D3-BF4B-00C04F79EFBC}") = "Bunny.JobScheduler", "Bunny.JobScheduler\Bunny.JobScheduler.csproj", "{C27AB95B-7290-4CD1-BA67-ACE454ED9A2F}"
EndProject
Project("{FAE04EC0-301F-11D3-BF4B-00C04F79EFBC}") = "Bunny.JobScheduler.Interface", "Bunny.JobScheduler.Interface\Bunny.JobScheduler.Interface.csproj", "{84463E3D-10CE-4D96-8019-EB3CB2FC7876}"
EndProject
Project("{FAE04EC0-301F-11D3-BF4B-00C04F79EFBC}") = "Bunny.JobScheduler.Persistance", "Bunny.JobScheduler.Persistance\Bunny.JobScheduler.Persistance.csproj", "{CE77D106-48B8-4796-9AB5-2B2A9EF3E00F}"
EndProject
Project("{FAE04EC0-301F-11D3-BF4B-00C04F79EFBC}") = "Bunny.JobScheduler.Tests", "Bunny.JobScheduler.Tests\Bunny.JobScheduler.Tests.csproj", "{20092F3F-E01A-45E3-A1D0-CA222420EAC8}"
EndProject
Global
	GlobalSection(SolutionConfigurationPlatforms) = preSolution
		Debug|Any CPU = Debug|Any CPU
		Release|Any CPU = Release|Any CPU
	EndGlobalSection
	GlobalSection(ProjectConfigurationPlatforms) = postSolution
		{C27AB95B-7290-4CD1-BA67-ACE454ED9A2F}.Debug|Any CPU.ActiveCfg = Debug|Any CPU
		{C27AB95B-7290-4CD1-BA67-ACE454ED9A2F}.Debug|Any CPU.Build.0 = Debug|Any CPU
		{C27AB95B-7290-4CD1-BA67-ACE454ED9A2F}.Release|Any CPU.ActiveCfg = Release|Any CPU
		{C27AB95B-7290-4CD1-BA67-ACE454ED9A2F}.Release|Any CPU.Build.0 = Release|Any CPU
		{84463E3D-10CE-4D96-8019-EB3CB2FC7876}.Debug|Any CPU.ActiveCfg = Debug|Any CPU
		{84463E3D-10CE-4D96-8019-EB3CB2FC7876}.Debug|Any CPU.Build.0 = Debug|Any CPU
		{84463E3D-10CE-4D96-8019-EB3CB2FC7876}.Release|Any CPU.ActiveCfg = Release|Any CPU
		{84463E3D-10CE-4D96-8019-EB3CB2FC7876}.Release|Any CPU.Build.0 = Release|Any CPU
		{CE77D106-48B8-4796-9AB5-2B2A9EF3E00F}.Debug|Any CPU.ActiveCfg = Debug|Any CPU
		{CE77D106-48B8-4796-9AB5-2B2A9EF3E00F}.Debug|Any CPU.Build.0 = Debug|Any CPU
		{CE77D106-48B8-4796-9AB5-2B2A9EF3E00F}.Release|Any CPU.ActiveCfg = Release|Any CPU
		{CE77D106-48B8-4796-9AB5-2B2A9EF3E00F}.Release|Any CPU.Build.0 = Release|Any CPU
		{20092F3F-E01A-45E3-A1D0-CA222420EAC8}.Debug|Any CPU.ActiveCfg = Debug|Any CPU
		{20092F3F-E01A-45E3-A1D0-CA222420EAC8}.Debug|Any CPU.Build.0 = Debug|Any CPU
		{20092F3F-E01A-45E3-A1D0-CA222420EAC8}.Release|Any CPU.ActiveCfg = Release|Any CPU
		{20092F3F-E01A-45E3-A1D0-CA222420EAC8}.Release|Any CPU.Build.0 = Release|Any CPU
	EndGlobalSection
	GlobalSection(SolutionProperties) = preSolution
		HideSolutionNode = FALSE
	EndGlobalSection
EndGlobal
